
Microsoft Visual Studio Solution File, Format Version 12.00
# Visual Studio Version 16
VisualStudioVersion = 16.0.30907.101
MinimumVisualStudioVersion = 10.0.40219.1
Project("{9A19103F-16F7-4668-BE54-9A1E7A4F7556}") = "mentions", "mentions.csproj", "{AAAE2DEE-0720-49ED-A068-8681F380B8D7}"
EndProject
Global
	GlobalSection(SolutionConfigurationPlatforms) = preSolution
		Debug|Any CPU = Debug|Any CPU
		Release|Any CPU = Release|Any CPU
	EndGlobalSection
	GlobalSection(ProjectConfigurationPlatforms) = postSolution
		{AAAE2DEE-0720-49ED-A068-8681F380B8D7}.Debug|Any CPU.ActiveCfg = Debug|Any CPU
		{AAAE2DEE-0720-49ED-A068-8681F380B8D7}.Debug|Any CPU.Build.0 = Debug|Any CPU
		{AAAE2DEE-0720-49ED-A068-8681F380B8D7}.Release|Any CPU.ActiveCfg = Release|Any CPU
		{AAAE2DEE-0720-49ED-A068-8681F380B8D7}.Release|Any CPU.Build.0 = Release|Any CPU
	EndGlobalSection
	GlobalSection(SolutionProperties) = preSolution
		HideSolutionNode = FALSE
	EndGlobalSection
	GlobalSection(ExtensibilityGlobals) = postSolution
		SolutionGuid = {87C6B871-892F-4167-BF51-1578D26B76FC}
	EndGlobalSection
EndGlobal
